
Microsoft Visual Studio Solution File, Format Version 12.00
# Visual Studio Version 17
VisualStudioVersion = 17.11.35312.102
MinimumVisualStudioVersion = 10.0.40219.1
Project("{FAE04EC0-301F-11D3-BF4B-00C04F79EFBC}") = "practic 8", "practic 8\practic 8.csproj", "{3B9C8FCC-E6FA-41A5-B4D3-3E4C01C6BF98}"
EndProject
Global
	GlobalSection(SolutionConfigurationPlatforms) = preSolution
		Debug|Any CPU = Debug|Any CPU
		Release|Any CPU = Release|Any CPU
	EndGlobalSection
	GlobalSection(ProjectConfigurationPlatforms) = postSolution
		{3B9C8FCC-E6FA-41A5-B4D3-3E4C01C6BF98}.Debug|Any CPU.ActiveCfg = Debug|Any CPU
		{3B9C8FCC-E6FA-41A5-B4D3-3E4C01C6BF98}.Debug|Any CPU.Build.0 = Debug|Any CPU
		{3B9C8FCC-E6FA-41A5-B4D3-3E4C01C6BF98}.Release|Any CPU.ActiveCfg = Release|Any CPU
		{3B9C8FCC-E6FA-41A5-B4D3-3E4C01C6BF98}.Release|Any CPU.Build.0 = Release|Any CPU
	EndGlobalSection
	GlobalSection(SolutionProperties) = preSolution
		HideSolutionNode = FALSE
	EndGlobalSection
	GlobalSection(ExtensibilityGlobals) = postSolution
		SolutionGuid = {76C16F58-D0B4-4CBF-9B9A-6CB0D61DE7A6}
	EndGlobalSection
EndGlobal
